<?xml version="1.0" encoding="UTF-8" standalone="yes" ?>
<CodeBlocks_project_file>
	<FileVersion major="1" minor="6" />
	<Project>
		<Option title="compiler" />
		<Option pch_mode="2" />
		<Option compiler="gcc" />
		<Build>
			<Target title="Debug">
				<Option output="bin/Debug/compiler" prefix_auto="1" extension_auto="1" />
				<Option working_dir="run" />
				<Option object_output="obj/Debug/" />
				<Option type="1" />
				<Option compiler="gcc" />
				<Compiler>
					<Add option="-g" />
				</Compiler>
			</Target>
			<Target title="Release">
				<Option output="bin/Release/compiler" prefix_auto="1" extension_auto="1" />
				<Option working_dir="run" />
				<Option object_output="obj/Release/" />
				<Option type="1" />
				<Option compiler="gcc" />
				<Compiler>
					<Add option="-O2" />
				</Compiler>
				<Linker>
					<Add option="-s" />
				</Linker>
			</Target>
		</Build>
		<Compiler>
			<Add option="-Wall" />
			<Add option="-fexceptions" />
			<Add directory="../compile" />
		</Compiler>
		<Unit filename="compile_backend.cpp" />
		<Unit filename="compile_backend.h" />
		<Unit filename="compile_midend.cpp" />
		<Unit filename="compile_midend.h" />
		<Unit filename="lib/Console_utils.h" />
		<Unit filename="lib/Console_utils_win.cpp" />
		<Unit filename="lib/Stack.cpp" />
		<Unit filename="lib/Stack.h" />
		<Unit filename="lib/String.cpp" />
		<Unit filename="lib/String.h" />
		<Unit filename="lib/System_utils.h" />
		<Unit filename="lib/System_utils_win.cpp" />
		<Unit filename="lib/UStack.cpp" />
		<Unit filename="lib/UStack.h" />
		<Unit filename="lib/asserts.h" />
		<Unit filename="lib/bintree.cpp" />
		<Unit filename="lib/bintree.h" />
		<Unit filename="lib/debug_utils.cpp" />
		<Unit filename="lib/debug_utils.h" />
		<Unit filename="lib/file_read.cpp" />
		<Unit filename="lib/file_read.h" />
		<Unit filename="lib/logging.cpp" />
		<Unit filename="lib/logging.h" />
		<Unit filename="lib/parseArg.cpp" />
		<Unit filename="lib/parseArg.h" />
		<Unit filename="lib/time_utils.cpp" />
		<Unit filename="lib/time_utils.h" />
		<Unit filename="main.cpp" />
		<Unit filename="math/expr_elem.cpp" />
		<Unit filename="math/expr_elem.h" />
		<Unit filename="math/expr_kw_defines.h" />
		<Unit filename="math/expr_op.cpp" />
		<Unit filename="math/expr_op.h" />
		<Unit filename="math/expr_op_defines.h" />
		<Unit filename="math/formule_utils.cpp" />
		<Unit filename="math/formule_utils.h" />
		<Unit filename="program_structure.cpp" />
		<Unit filename="program_structure.h" />
		<Unit filename="syntax_analyser.cpp" />
		<Unit filename="syntax_analyser.h" />
		<Unit filename="var_table.h" />
		<Extensions>
			<lib_finder disable_auto="1" />
		</Extensions>
	</Project>
</CodeBlocks_project_file>
