<?xml version="1.0" encoding="UTF-8" standalone="yes" ?>
<CodeBlocks_project_file>
	<FileVersion major="1" minor="6" />
	<Project>
		<Option title="compiler" />
		<Option pch_mode="2" />
		<Option compiler="gcc" />
		<Build>
			<Target title="Debug">
				<Option output="bin/Debug/compiler" prefix_auto="1" extension_auto="1" />
				<Option working_dir="run" />
				<Option object_output="obj/Debug/" />
				<Option type="1" />
				<Option compiler="gcc" />
				<Compiler>
					<Add option="-g" />
				</Compiler>
			</Target>
			<Target title="frontend">
				<Option output="compile_frontend" prefix_auto="1" extension_auto="1" />
				<Option working_dir="run" />
				<Option type="1" />
				<Option compiler="gcc" />
			</Target>
			<Target title="backend">
				<Option output="compile_backend" prefix_auto="1" extension_auto="1" />
				<Option working_dir="run" />
				<Option type="1" />
				<Option compiler="gcc" />
			</Target>
		</Build>
		<Compiler>
			<Add option="-Wall" />
			<Add option="-fexceptions" />
			<Add directory="../compile" />
		</Compiler>
		<Unit filename="compile_backend.cpp">
			<Option target="Debug" />
			<Option target="backend" />
		</Unit>
		<Unit filename="compile_backend.h">
			<Option target="Debug" />
			<Option target="backend" />
		</Unit>
		<Unit filename="compile_midend.cpp">
			<Option compile="0" />
			<Option link="0" />
			<Option target="Debug" />
			<Option target="backend" />
		</Unit>
		<Unit filename="compile_midend.h">
			<Option target="Debug" />
			<Option target="backend" />
		</Unit>
		<Unit filename="expr/expr_elem.cpp" />
		<Unit filename="expr/expr_elem.h" />
		<Unit filename="expr/expr_kw_defines.h" />
		<Unit filename="expr/expr_op.cpp" />
		<Unit filename="expr/expr_op.h" />
		<Unit filename="expr/expr_op_defines.h" />
		<Unit filename="expr/formule_utils.cpp" />
		<Unit filename="expr/formule_utils.h" />
		<Unit filename="lib/Console_utils.h" />
		<Unit filename="lib/Console_utils_win.cpp" />
		<Unit filename="lib/Stack.cpp" />
		<Unit filename="lib/Stack.h" />
		<Unit filename="lib/String.cpp" />
		<Unit filename="lib/String.h" />
		<Unit filename="lib/System_utils.h" />
		<Unit filename="lib/System_utils_win.cpp" />
		<Unit filename="lib/UStack.cpp" />
		<Unit filename="lib/UStack.h" />
		<Unit filename="lib/asserts.h" />
		<Unit filename="lib/bintree.cpp" />
		<Unit filename="lib/bintree.h" />
		<Unit filename="lib/debug_utils.cpp" />
		<Unit filename="lib/debug_utils.h" />
		<Unit filename="lib/file_read.cpp" />
		<Unit filename="lib/file_read.h" />
		<Unit filename="lib/logging.cpp" />
		<Unit filename="lib/logging.h" />
		<Unit filename="lib/parseArg.cpp" />
		<Unit filename="lib/parseArg.h" />
		<Unit filename="lib/time_utils.cpp" />
		<Unit filename="lib/time_utils.h" />
		<Unit filename="main_front.cpp">
			<Option target="frontend" />
		</Unit>
		<Unit filename="main_full.cpp">
			<Option target="Debug" />
		</Unit>
		<Unit filename="main_toasm.cpp">
			<Option target="backend" />
		</Unit>
		<Unit filename="program/program_structure.cpp">
			<Option target="Debug" />
			<Option target="backend" />
		</Unit>
		<Unit filename="program/program_structure.h">
			<Option target="Debug" />
			<Option target="backend" />
		</Unit>
		<Unit filename="program/var_table.h">
			<Option target="Debug" />
			<Option target="backend" />
		</Unit>
		<Unit filename="standartify.cpp">
			<Option target="frontend" />
		</Unit>
		<Unit filename="standartify.h" />
		<Unit filename="syntax_analyser.cpp">
			<Option target="Debug" />
			<Option target="frontend" />
		</Unit>
		<Unit filename="syntax_analyser.h">
			<Option target="Debug" />
			<Option target="frontend" />
		</Unit>
		<Extensions>
			<lib_finder disable_auto="1" />
		</Extensions>
	</Project>
</CodeBlocks_project_file>
